PODS:
  - CocoaLumberjack (2.4.0):
    - CocoaLumberjack/Default (= 2.4.0)
    - CocoaLumberjack/Extensions (= 2.4.0)
  - CocoaLumberjack/Core (2.4.0)
  - CocoaLumberjack/Default (2.4.0):
    - CocoaLumberjack/Core
  - CocoaLumberjack/Extensions (2.4.0):
    - CocoaLumberjack/Default
  - JBPersistenceStore (1.1.1):
    - JBPersistenceStore-Protocols (~> 1.1.0)
    - YapDatabase/Standard
  - JBPersistenceStore-Protocols (1.1.1)
  - YapDatabase (2.9.3):
    - YapDatabase/Standard (= 2.9.3)
  - YapDatabase/Standard (2.9.3):
    - YapDatabase/Standard/Core (= 2.9.3)
    - YapDatabase/Standard/Extensions (= 2.9.3)
  - YapDatabase/Standard/Core (2.9.3):
    - CocoaLumberjack (~> 2)
  - YapDatabase/Standard/Extensions (2.9.3):
    - YapDatabase/Standard/Core
    - YapDatabase/Standard/Extensions/ActionManager (= 2.9.3)
    - YapDatabase/Standard/Extensions/CloudKit (= 2.9.3)
    - YapDatabase/Standard/Extensions/ConnectionProxy (= 2.9.3)
    - YapDatabase/Standard/Extensions/CrossProcessNotification (= 2.9.3)
    - YapDatabase/Standard/Extensions/FilteredViews (= 2.9.3)
    - YapDatabase/Standard/Extensions/FullTextSearch (= 2.9.3)
    - YapDatabase/Standard/Extensions/Hooks (= 2.9.3)
    - YapDatabase/Standard/Extensions/Relationships (= 2.9.3)
    - YapDatabase/Standard/Extensions/RTreeIndex (= 2.9.3)
    - YapDatabase/Standard/Extensions/SearchResults (= 2.9.3)
    - YapDatabase/Standard/Extensions/SecondaryIndex (= 2.9.3)
    - YapDatabase/Standard/Extensions/Views (= 2.9.3)
  - YapDatabase/Standard/Extensions/ActionManager (2.9.3):
    - YapDatabase/Standard/Core
    - YapDatabase/Standard/Extensions/Views
  - YapDatabase/Standard/Extensions/CloudKit (2.9.3):
    - YapDatabase/Standard/Core
  - YapDatabase/Standard/Extensions/ConnectionProxy (2.9.3):
    - YapDatabase/Standard/Core
  - YapDatabase/Standard/Extensions/CrossProcessNotification (2.9.3):
    - YapDatabase/Standard/Core
  - YapDatabase/Standard/Extensions/FilteredViews (2.9.3):
    - YapDatabase/Standard/Core
    - YapDatabase/Standard/Extensions/Views
  - YapDatabase/Standard/Extensions/FullTextSearch (2.9.3):
    - YapDatabase/Standard/Core
  - YapDatabase/Standard/Extensions/Hooks (2.9.3):
    - YapDatabase/Standard/Core
  - YapDatabase/Standard/Extensions/Relationships (2.9.3):
    - YapDatabase/Standard/Core
  - YapDatabase/Standard/Extensions/RTreeIndex (2.9.3):
    - YapDatabase/Standard/Core
  - YapDatabase/Standard/Extensions/SearchResults (2.9.3):
    - YapDatabase/Standard/Core
    - YapDatabase/Standard/Extensions/FullTextSearch
    - YapDatabase/Standard/Extensions/Views
  - YapDatabase/Standard/Extensions/SecondaryIndex (2.9.3):
    - YapDatabase/Standard/Core
  - YapDatabase/Standard/Extensions/Views (2.9.3):
    - YapDatabase/Standard/Core

DEPENDENCIES:
  - JBPersistenceStore (from `../`)
  - JBPersistenceStore-Protocols (from `../../JBPersistenceStore-Protocols`)
  - YapDatabase

EXTERNAL SOURCES:
  JBPersistenceStore:
    :path: "../"
  JBPersistenceStore-Protocols:
    :path: "../../JBPersistenceStore-Protocols"

SPEC CHECKSUMS:
  CocoaLumberjack: aa9dcab71bdf9eaf2a63bbd9ddc87863efe45457
  JBPersistenceStore: 2e58a6b549bcf399075acd8896552f2c849b57fc
  JBPersistenceStore-Protocols: b915e547517e8c3726ac109043b8e5b7a98ac5c1
  YapDatabase: cd911121580ff16675f65ad742a9eb0ab4d9e266

PODFILE CHECKSUM: f42cd2c8f365c0706a37a3c33fee807e1649bb11

COCOAPODS: 1.2.1
