PODS:
  - CocoaLumberjack (3.5.3):
    - CocoaLumberjack/Core (= 3.5.3)
  - CocoaLumberjack/Core (3.5.3)
  - JBPersistenceStore (4.0.0):
    - JBPersistenceStore-Protocols (~> 5.0.0)
    - VISPER-Entity (~> 4.0.0)
    - YapDatabase/Standard (~> 3.1.1)
  - JBPersistenceStore-Protocols (5.0.0):
    - VISPER-Entity (~> 4.0.0)
  - VISPER-Entity (4.0.0)
  - YapDatabase (3.1.1):
    - YapDatabase/Standard (= 3.1.1)
  - YapDatabase/Standard (3.1.1):
    - YapDatabase/Standard/Core (= 3.1.1)
    - YapDatabase/Standard/Extensions (= 3.1.1)
  - YapDatabase/Standard/Core (3.1.1):
    - CocoaLumberjack
  - YapDatabase/Standard/Extensions (3.1.1):
    - YapDatabase/Standard/Core
    - YapDatabase/Standard/Extensions/ActionManager (= 3.1.1)
    - YapDatabase/Standard/Extensions/AutoView (= 3.1.1)
    - YapDatabase/Standard/Extensions/CloudCore (= 3.1.1)
    - YapDatabase/Standard/Extensions/CloudKit (= 3.1.1)
    - YapDatabase/Standard/Extensions/ConnectionPool (= 3.1.1)
    - YapDatabase/Standard/Extensions/ConnectionProxy (= 3.1.1)
    - YapDatabase/Standard/Extensions/CrossProcessNotification (= 3.1.1)
    - YapDatabase/Standard/Extensions/FilteredView (= 3.1.1)
    - YapDatabase/Standard/Extensions/FullTextSearch (= 3.1.1)
    - YapDatabase/Standard/Extensions/Hooks (= 3.1.1)
    - YapDatabase/Standard/Extensions/ManualView (= 3.1.1)
    - YapDatabase/Standard/Extensions/Relationships (= 3.1.1)
    - YapDatabase/Standard/Extensions/RTreeIndex (= 3.1.1)
    - YapDatabase/Standard/Extensions/SearchResultsView (= 3.1.1)
    - YapDatabase/Standard/Extensions/SecondaryIndex (= 3.1.1)
    - YapDatabase/Standard/Extensions/View (= 3.1.1)
  - YapDatabase/Standard/Extensions/ActionManager (3.1.1):
    - YapDatabase/Standard/Core
    - YapDatabase/Standard/Extensions/AutoView
  - YapDatabase/Standard/Extensions/AutoView (3.1.1):
    - YapDatabase/Standard/Core
    - YapDatabase/Standard/Extensions/View
  - YapDatabase/Standard/Extensions/CloudCore (3.1.1):
    - YapDatabase/Standard/Core
  - YapDatabase/Standard/Extensions/CloudKit (3.1.1):
    - YapDatabase/Standard/Core
  - YapDatabase/Standard/Extensions/ConnectionPool (3.1.1):
    - YapDatabase/Standard/Core
  - YapDatabase/Standard/Extensions/ConnectionProxy (3.1.1):
    - YapDatabase/Standard/Core
  - YapDatabase/Standard/Extensions/CrossProcessNotification (3.1.1):
    - YapDatabase/Standard/Core
  - YapDatabase/Standard/Extensions/FilteredView (3.1.1):
    - YapDatabase/Standard/Core
    - YapDatabase/Standard/Extensions/View
  - YapDatabase/Standard/Extensions/FullTextSearch (3.1.1):
    - YapDatabase/Standard/Core
  - YapDatabase/Standard/Extensions/Hooks (3.1.1):
    - YapDatabase/Standard/Core
  - YapDatabase/Standard/Extensions/ManualView (3.1.1):
    - YapDatabase/Standard/Core
    - YapDatabase/Standard/Extensions/View
  - YapDatabase/Standard/Extensions/Relationships (3.1.1):
    - YapDatabase/Standard/Core
  - YapDatabase/Standard/Extensions/RTreeIndex (3.1.1):
    - YapDatabase/Standard/Core
  - YapDatabase/Standard/Extensions/SearchResultsView (3.1.1):
    - YapDatabase/Standard/Core
    - YapDatabase/Standard/Extensions/AutoView
    - YapDatabase/Standard/Extensions/FullTextSearch
  - YapDatabase/Standard/Extensions/SecondaryIndex (3.1.1):
    - YapDatabase/Standard/Core
  - YapDatabase/Standard/Extensions/View (3.1.1):
    - YapDatabase/Standard/Core

DEPENDENCIES:
  - JBPersistenceStore (from `../`)
  - JBPersistenceStore-Protocols (from `../../JBPersistenceStore-Protocols`)
  - VISPER-Entity
  - YapDatabase

SPEC REPOS:
  https://github.com/cocoapods/specs.git:
    - CocoaLumberjack
    - VISPER-Entity
    - YapDatabase

EXTERNAL SOURCES:
  JBPersistenceStore:
    :path: "../"
  JBPersistenceStore-Protocols:
    :path: "../../JBPersistenceStore-Protocols"

SPEC CHECKSUMS:
  CocoaLumberjack: 2f44e60eb91c176d471fdba43b9e3eae6a721947
  JBPersistenceStore: 26e483d6fcdf9de1798235f7d48c82f10faa2397
  JBPersistenceStore-Protocols: 30d3630f2699c3982a8926d8f84baabe2143983f
  VISPER-Entity: 81224368e821f2e71a7f979ce623cbd197d8c48f
  YapDatabase: b418a4baa6906e8028748938f9159807fd039af4

PODFILE CHECKSUM: 4db73ddbe33bca21591399387377fe4151fc65be

COCOAPODS: 1.7.1
