PODS:
  - CocoaLumberjack (2.4.0):
    - CocoaLumberjack/Default (= 2.4.0)
    - CocoaLumberjack/Extensions (= 2.4.0)
  - CocoaLumberjack/Core (2.4.0)
  - CocoaLumberjack/Default (2.4.0):
    - CocoaLumberjack/Core
  - CocoaLumberjack/Extensions (2.4.0):
    - CocoaLumberjack/Default
  - JBPersistenceStore (0.2.2):
    - JBPersistenceStore-Protocols
    - ValueCoding (= 1.5.0)
    - YapDatabase
  - JBPersistenceStore-Protocols (0.2.1):
    - ValueCoding (= 1.5.0)
  - Reachability (3.2)
  - ValueCoding (1.5.0)
  - YapDatabase (2.9.2):
    - YapDatabase/Standard (= 2.9.2)
  - YapDatabase/Standard (2.9.2):
    - YapDatabase/Standard/Core (= 2.9.2)
    - YapDatabase/Standard/Extensions (= 2.9.2)
  - YapDatabase/Standard/Core (2.9.2):
    - CocoaLumberjack (~> 2)
  - YapDatabase/Standard/Extensions (2.9.2):
    - YapDatabase/Standard/Core
    - YapDatabase/Standard/Extensions/ActionManager (= 2.9.2)
    - YapDatabase/Standard/Extensions/CloudKit (= 2.9.2)
    - YapDatabase/Standard/Extensions/ConnectionProxy (= 2.9.2)
    - YapDatabase/Standard/Extensions/CrossProcessNotification (= 2.9.2)
    - YapDatabase/Standard/Extensions/FilteredViews (= 2.9.2)
    - YapDatabase/Standard/Extensions/FullTextSearch (= 2.9.2)
    - YapDatabase/Standard/Extensions/Hooks (= 2.9.2)
    - YapDatabase/Standard/Extensions/Relationships (= 2.9.2)
    - YapDatabase/Standard/Extensions/RTreeIndex (= 2.9.2)
    - YapDatabase/Standard/Extensions/SearchResults (= 2.9.2)
    - YapDatabase/Standard/Extensions/SecondaryIndex (= 2.9.2)
    - YapDatabase/Standard/Extensions/Views (= 2.9.2)
  - YapDatabase/Standard/Extensions/ActionManager (2.9.2):
    - Reachability (~> 3)
    - YapDatabase/Standard/Core
    - YapDatabase/Standard/Extensions/Views
  - YapDatabase/Standard/Extensions/CloudKit (2.9.2):
    - YapDatabase/Standard/Core
  - YapDatabase/Standard/Extensions/ConnectionProxy (2.9.2):
    - YapDatabase/Standard/Core
  - YapDatabase/Standard/Extensions/CrossProcessNotification (2.9.2):
    - YapDatabase/Standard/Core
  - YapDatabase/Standard/Extensions/FilteredViews (2.9.2):
    - YapDatabase/Standard/Core
    - YapDatabase/Standard/Extensions/Views
  - YapDatabase/Standard/Extensions/FullTextSearch (2.9.2):
    - YapDatabase/Standard/Core
  - YapDatabase/Standard/Extensions/Hooks (2.9.2):
    - YapDatabase/Standard/Core
  - YapDatabase/Standard/Extensions/Relationships (2.9.2):
    - YapDatabase/Standard/Core
  - YapDatabase/Standard/Extensions/RTreeIndex (2.9.2):
    - YapDatabase/Standard/Core
  - YapDatabase/Standard/Extensions/SearchResults (2.9.2):
    - YapDatabase/Standard/Core
    - YapDatabase/Standard/Extensions/FullTextSearch
    - YapDatabase/Standard/Extensions/Views
  - YapDatabase/Standard/Extensions/SecondaryIndex (2.9.2):
    - YapDatabase/Standard/Core
  - YapDatabase/Standard/Extensions/Views (2.9.2):
    - YapDatabase/Standard/Core

DEPENDENCIES:
  - JBPersistenceStore (from `../`)
  - JBPersistenceStore-Protocols (from `../../JBPersistenceStore-Protocols`)

EXTERNAL SOURCES:
  JBPersistenceStore:
    :path: "../"
  JBPersistenceStore-Protocols:
    :path: "../../JBPersistenceStore-Protocols"

SPEC CHECKSUMS:
  CocoaLumberjack: aa9dcab71bdf9eaf2a63bbd9ddc87863efe45457
  JBPersistenceStore: 040b9aebef2ef35809ea5537dbbbcb4b2c412713
  JBPersistenceStore-Protocols: 3bc08fcfa49d0c2b4a72c77c89b5b0cba8f43113
  Reachability: 33e18b67625424e47b6cde6d202dce689ad7af96
  ValueCoding: 26815a330226045e26a29ea0f7f3cd1827eb1449
  YapDatabase: b1e43555a34a5298e23a045be96817a5ef0da58f

PODFILE CHECKSUM: ffe4107c8843328f90f3502ccb25d51e604f85d3

COCOAPODS: 1.1.0.rc.2
